
Microsoft Visual Studio Solution File, Format Version 12.00
Project("{FAE04EC0-301F-11D3-BF4B-00C04F79EFBC}") = "AuthServer", "AuthServer\AuthServer.csproj", "{71FF0504-5449-453C-8F11-D973CCC23915}"
EndProject
Project("{2150E333-8FDC-42A3-9474-1A3956D46DE8}") = "Solution items", "Solution items", "{A46FBC70-CEB2-4660-8E57-26B49A9D910A}"
	ProjectSection(SolutionItems) = preProject
		docker-compose.yml = docker-compose.yml
	EndProjectSection
EndProject
Project("{FAE04EC0-301F-11D3-BF4B-00C04F79EFBC}") = "ResourceServer", "ResourceServer\ResourceServer.csproj", "{DE334F2E-E4B1-481A-AA70-4C694F815E6F}"
EndProject
Global
	GlobalSection(SolutionConfigurationPlatforms) = preSolution
		Debug|Any CPU = Debug|Any CPU
		Release|Any CPU = Release|Any CPU
	EndGlobalSection
	GlobalSection(ProjectConfigurationPlatforms) = postSolution
		{71FF0504-5449-453C-8F11-D973CCC23915}.Debug|Any CPU.ActiveCfg = Debug|Any CPU
		{71FF0504-5449-453C-8F11-D973CCC23915}.Debug|Any CPU.Build.0 = Debug|Any CPU
		{71FF0504-5449-453C-8F11-D973CCC23915}.Release|Any CPU.ActiveCfg = Release|Any CPU
		{71FF0504-5449-453C-8F11-D973CCC23915}.Release|Any CPU.Build.0 = Release|Any CPU
		{DE334F2E-E4B1-481A-AA70-4C694F815E6F}.Debug|Any CPU.ActiveCfg = Debug|Any CPU
		{DE334F2E-E4B1-481A-AA70-4C694F815E6F}.Debug|Any CPU.Build.0 = Debug|Any CPU
		{DE334F2E-E4B1-481A-AA70-4C694F815E6F}.Release|Any CPU.ActiveCfg = Release|Any CPU
		{DE334F2E-E4B1-481A-AA70-4C694F815E6F}.Release|Any CPU.Build.0 = Release|Any CPU
	EndGlobalSection
EndGlobal
